
Microsoft Visual Studio Solution File, Format Version 12.00
# Visual Studio Version 17
VisualStudioVersion = 17.0.31903.59
MinimumVisualStudioVersion = 10.0.40219.1
Project("{FAE04EC0-301F-11D3-BF4B-00C04F79EFBC}") = "PathKlasa", "PathKlasa.csproj", "{281FF6D8-11E3-4871-8266-B762A8D09352}"
EndProject
Global
	GlobalSection(SolutionConfigurationPlatforms) = preSolution
		Debug|Any CPU = Debug|Any CPU
		Release|Any CPU = Release|Any CPU
	EndGlobalSection
	GlobalSection(ProjectConfigurationPlatforms) = postSolution
		{281FF6D8-11E3-4871-8266-B762A8D09352}.Debug|Any CPU.ActiveCfg = Debug|Any CPU
		{281FF6D8-11E3-4871-8266-B762A8D09352}.Debug|Any CPU.Build.0 = Debug|Any CPU
		{281FF6D8-11E3-4871-8266-B762A8D09352}.Release|Any CPU.ActiveCfg = Release|Any CPU
		{281FF6D8-11E3-4871-8266-B762A8D09352}.Release|Any CPU.Build.0 = Release|Any CPU
	EndGlobalSection
	GlobalSection(SolutionProperties) = preSolution
		HideSolutionNode = FALSE
	EndGlobalSection
	GlobalSection(ExtensibilityGlobals) = postSolution
		SolutionGuid = {715E7940-8A4C-487D-A9D4-C22D092A24C2}
	EndGlobalSection
EndGlobal
